dependencies:
- name: nvidia-device-plugin
  repository: https://nvidia.github.io/k8s-device-plugin
  version: 0.9.0
- name: gpu-feature-discovery
  repository: https://nvidia.github.io/gpu-feature-discovery
  version: 0.4.1
- name: dcgm-exporter
  repository: ""
  version: 2.4.0
digest: sha256:9635979e02c19351d56f525bd11f2bdcacd6ef73a2263e6dfcdc17ef3a1b1947
generated: "2021-08-17T05:54:00.320873085Z"
