dependencies:
- name: gpu-operator
  repository: ""
  version: v1.7.1
- name: ingress-nginx
  repository: ""
  version: 3.35.0
- name: kube-prometheus-stack
  repository: ""
  version: 17.1.1
digest: sha256:bd0264d19a78901dc7118fcee0ac473b3848ee9618bc496affef0b4bab3a08e1
generated: "2021-08-14T14:11:17.47514064Z"
